<?xml version="1.0" encoding="utf-8"?>
<Project ToolsVersion="4.0" xmlns="http://schemas.microsoft.com/developer/msbuild/2003">
  <ItemGroup>
    <Filter Include="Source Files">
      <UniqueIdentifier>{4FC737F1-C7A5-4376-A066-2A32D752A2FF}</UniqueIdentifier>
      <Extensions>cpp;c;cc;cxx;def;odl;idl;hpj;bat;asm;asmx</Extensions>
    </Filter>
    <Filter Include="Header Files">
      <UniqueIdentifier>{93995380-89BD-4b04-88EB-625FBE52EBFB}</UniqueIdentifier>
      <Extensions>h;hh;hpp;hxx;hm;inl;inc;ipp;xsd</Extensions>
    </Filter>
    <Filter Include="Resource Files">
      <UniqueIdentifier>{67DA6AB6-F800-4c08-8B7A-83BB121AAD01}</UniqueIdentifier>
      <Extensions>rc;ico;cur;bmp;dlg;rc2;rct;bin;rgs;gif;jpg;jpeg;jpe;resx;tiff;tif;png;wav;mfcribbon-ms</Extensions>
    </Filter>
  </ItemGroup>
  <ItemGroup>
    <ClCompile Include="2D Engine\Quad\Components\Button.cpp">
      <Filter>Source Files</Filter>
    </ClCompile>
    <ClCompile Include="2D Engine\Quad\Components\Transform2D.cpp">
      <Filter>Source Files</Filter>
    </ClCompile>
    <ClCompile Include="2D Engine\Quad\Quad.cpp">
      <Filter>Source Files</Filter>
    </ClCompile>
    <ClCompile Include="2D Engine\Render2D.cpp">
      <Filter>Source Files</Filter>
    </ClCompile>
    <ClCompile Include="2D Engine\DirectXTK\SpriteBatch.cpp">
      <Filter>Source Files</Filter>
    </ClCompile>
    <ClCompile Include="2D Engine\DirectXTK\SpriteFont.cpp">
      <Filter>Source Files</Filter>
    </ClCompile>
    <ClCompile Include="2D Engine\DirectXTK\BinaryReader.cpp">
      <Filter>Source Files</Filter>
    </ClCompile>
    <ClCompile Include="2D Engine\DirectXTK\CommonStates.cpp">
      <Filter>Source Files</Filter>
    </ClCompile>
    <ClCompile Include="2D Engine\DirectXTK\DDSTextureLoader.cpp">
      <Filter>Source Files</Filter>
    </ClCompile>
    <ClCompile Include="2D Engine\DirectXTK\pch.cpp">
      <Filter>Source Files</Filter>
    </ClCompile>
    <ClCompile Include="2D Engine\DirectXTK\VertexTypes.cpp">
      <Filter>Source Files</Filter>
    </ClCompile>
    <ClCompile Include="Fonts\FontHandler.cpp">
      <Filter>Source Files</Filter>
    </ClCompile>
  </ItemGroup>
  <ItemGroup>
    <ClInclude Include="2D Engine\Quad\Components\Button.h">
      <Filter>Header Files</Filter>
    </ClInclude>
    <ClInclude Include="2D Engine\Quad\Components\Transform2D.h">
      <Filter>Header Files</Filter>
    </ClInclude>
    <ClInclude Include="2D Engine\Quad\Quad.h">
      <Filter>Header Files</Filter>
    </ClInclude>
    <ClInclude Include="2D Engine\Render2D.h">
      <Filter>Header Files</Filter>
    </ClInclude>
    <ClInclude Include="2D Engine\DirectXTK\SpriteBatch.h">
      <Filter>Header Files</Filter>
    </ClInclude>
    <ClInclude Include="2D Engine\DirectXTK\SpriteFont.h">
      <Filter>Header Files</Filter>
    </ClInclude>
    <ClInclude Include="2D Engine\DirectXTK\AlignedNew.h">
      <Filter>Header Files</Filter>
    </ClInclude>
    <ClInclude Include="2D Engine\DirectXTK\BinaryReader.h">
      <Filter>Header Files</Filter>
    </ClInclude>
    <ClInclude Include="2D Engine\DirectXTK\CommonStates.h">
      <Filter>Header Files</Filter>
    </ClInclude>
    <ClInclude Include="2D Engine\DirectXTK\ConstantBuffer.h">
      <Filter>Header Files</Filter>
    </ClInclude>
    <ClInclude Include="2D Engine\DirectXTK\dds.h">
      <Filter>Header Files</Filter>
    </ClInclude>
    <ClInclude Include="2D Engine\DirectXTK\DDSTextureLoader.h">
      <Filter>Header Files</Filter>
    </ClInclude>
    <ClInclude Include="2D Engine\DirectXTK\DemandCreate.h">
      <Filter>Header Files</Filter>
    </ClInclude>
    <ClInclude Include="2D Engine\DirectXTK\DirectXHelpers.h">
      <Filter>Header Files</Filter>
    </ClInclude>
    <ClInclude Include="2D Engine\DirectXTK\GraphicsMemory.h">
      <Filter>Header Files</Filter>
    </ClInclude>
    <ClInclude Include="2D Engine\DirectXTK\LoaderHelpers.h">
      <Filter>Header Files</Filter>
    </ClInclude>
    <ClInclude Include="2D Engine\DirectXTK\pch.h">
      <Filter>Header Files</Filter>
    </ClInclude>
    <ClInclude Include="2D Engine\DirectXTK\PlatformHelpers.h">
      <Filter>Header Files</Filter>
    </ClInclude>
    <ClInclude Include="2D Engine\DirectXTK\SharedResourcePool.h">
      <Filter>Header Files</Filter>
    </ClInclude>
    <ClInclude Include="2D Engine\DirectXTK\VertexTypes.h">
      <Filter>Header Files</Filter>
    </ClInclude>
    <ClInclude Include="Fonts\FontHandler.h">
      <Filter>Header Files</Filter>
    </ClInclude>
  </ItemGroup>
  <ItemGroup>
    <None Include="2D Engine\DirectXTK\SpriteEffect_SpritePixelShader.inc">
      <Filter>Header Files</Filter>
    </None>
    <None Include="2D Engine\DirectXTK\SpriteEffect_SpriteVertexShader.inc">
      <Filter>Header Files</Filter>
    </None>
  </ItemGroup>
</Project>