
Microsoft Visual Studio Solution File, Format Version 12.00
# Visual Studio 15
VisualStudioVersion = 15.0.28010.2016
MinimumVisualStudioVersion = 10.0.40219.1
Project("{8BC9CEB8-8B4A-11D0-8D11-00A0C91BC942}") = "RipTag", "RipTag\RipTag.vcxproj", "{97B14588-BACB-4429-9AF5-15EAD901C72E}"
EndProject
Project("{8BC9CEB8-8B4A-11D0-8D11-00A0C91BC942}") = "Engine", "Engine\Engine.vcxproj", "{5E822790-44A3-4602-BCD2-54DA944CB9C4}"
EndProject
Project("{8BC9CEB8-8B4A-11D0-8D11-00A0C91BC942}") = "InputManager", "InputManager\InputManager.vcxproj", "{62973989-7115-4695-B77E-CEFC0FB74FE2}"
EndProject
Project("{8BC9CEB8-8B4A-11D0-8D11-00A0C91BC942}") = "RakNet", "RakNet\RakNet.vcxproj", "{CE5561A6-7AC7-415A-AA79-B3D6981E7FD1}"
EndProject
Project("{8BC9CEB8-8B4A-11D0-8D11-00A0C91BC942}") = "Importer", "New_Library\New_Library.vcxproj", "{D9942CCE-8B39-4BB6-813A-96F7F5148D0B}"
EndProject
Project("{8BC9CEB8-8B4A-11D0-8D11-00A0C91BC942}") = "2DEngine", "2DEngine\2DEngine.vcxproj", "{A891C372-1A47-4B16-B4E9-36E01D2D1378}"
EndProject
Project("{8BC9CEB8-8B4A-11D0-8D11-00A0C91BC942}") = "AudioEngine", "AudioEngine\AudioEngine.vcxproj", "{35DACBF6-0B6A-43FF-8486-7DCC56827A6D}"
EndProject
Global
	GlobalSection(SolutionConfigurationPlatforms) = preSolution
		Debug|x64 = Debug|x64
		Deploy|x64 = Deploy|x64
		Release|x64 = Release|x64
	EndGlobalSection
	GlobalSection(ProjectConfigurationPlatforms) = postSolution
		{97B14588-BACB-4429-9AF5-15EAD901C72E}.Debug|x64.ActiveCfg = Debug|x64
		{97B14588-BACB-4429-9AF5-15EAD901C72E}.Debug|x64.Build.0 = Debug|x64
		{97B14588-BACB-4429-9AF5-15EAD901C72E}.Deploy|x64.ActiveCfg = Deploy|x64
		{97B14588-BACB-4429-9AF5-15EAD901C72E}.Deploy|x64.Build.0 = Deploy|x64
		{97B14588-BACB-4429-9AF5-15EAD901C72E}.Release|x64.ActiveCfg = Release|x64
		{97B14588-BACB-4429-9AF5-15EAD901C72E}.Release|x64.Build.0 = Release|x64
		{5E822790-44A3-4602-BCD2-54DA944CB9C4}.Debug|x64.ActiveCfg = Debug|x64
		{5E822790-44A3-4602-BCD2-54DA944CB9C4}.Debug|x64.Build.0 = Debug|x64
		{5E822790-44A3-4602-BCD2-54DA944CB9C4}.Deploy|x64.ActiveCfg = Deploy|x64
		{5E822790-44A3-4602-BCD2-54DA944CB9C4}.Deploy|x64.Build.0 = Deploy|x64
		{5E822790-44A3-4602-BCD2-54DA944CB9C4}.Release|x64.ActiveCfg = Release|x64
		{5E822790-44A3-4602-BCD2-54DA944CB9C4}.Release|x64.Build.0 = Release|x64
		{62973989-7115-4695-B77E-CEFC0FB74FE2}.Debug|x64.ActiveCfg = Debug|x64
		{62973989-7115-4695-B77E-CEFC0FB74FE2}.Debug|x64.Build.0 = Debug|x64
		{62973989-7115-4695-B77E-CEFC0FB74FE2}.Deploy|x64.ActiveCfg = Deploy|x64
		{62973989-7115-4695-B77E-CEFC0FB74FE2}.Deploy|x64.Build.0 = Deploy|x64
		{62973989-7115-4695-B77E-CEFC0FB74FE2}.Release|x64.ActiveCfg = Release|x64
		{62973989-7115-4695-B77E-CEFC0FB74FE2}.Release|x64.Build.0 = Release|x64
		{CE5561A6-7AC7-415A-AA79-B3D6981E7FD1}.Debug|x64.ActiveCfg = Debug|x64
		{CE5561A6-7AC7-415A-AA79-B3D6981E7FD1}.Debug|x64.Build.0 = Debug|x64
		{CE5561A6-7AC7-415A-AA79-B3D6981E7FD1}.Deploy|x64.ActiveCfg = Deploy|x64
		{CE5561A6-7AC7-415A-AA79-B3D6981E7FD1}.Deploy|x64.Build.0 = Deploy|x64
		{CE5561A6-7AC7-415A-AA79-B3D6981E7FD1}.Release|x64.ActiveCfg = Release|x64
		{CE5561A6-7AC7-415A-AA79-B3D6981E7FD1}.Release|x64.Build.0 = Release|x64
		{D9942CCE-8B39-4BB6-813A-96F7F5148D0B}.Debug|x64.ActiveCfg = Debug|x64
		{D9942CCE-8B39-4BB6-813A-96F7F5148D0B}.Debug|x64.Build.0 = Debug|x64
		{D9942CCE-8B39-4BB6-813A-96F7F5148D0B}.Deploy|x64.ActiveCfg = Deploy|x64
		{D9942CCE-8B39-4BB6-813A-96F7F5148D0B}.Deploy|x64.Build.0 = Deploy|x64
		{D9942CCE-8B39-4BB6-813A-96F7F5148D0B}.Release|x64.ActiveCfg = Release|x64
		{D9942CCE-8B39-4BB6-813A-96F7F5148D0B}.Release|x64.Build.0 = Release|x64
		{A891C372-1A47-4B16-B4E9-36E01D2D1378}.Debug|x64.ActiveCfg = Debug|x64
		{A891C372-1A47-4B16-B4E9-36E01D2D1378}.Debug|x64.Build.0 = Debug|x64
		{A891C372-1A47-4B16-B4E9-36E01D2D1378}.Deploy|x64.ActiveCfg = Deploy|x64
		{A891C372-1A47-4B16-B4E9-36E01D2D1378}.Deploy|x64.Build.0 = Deploy|x64
		{A891C372-1A47-4B16-B4E9-36E01D2D1378}.Release|x64.ActiveCfg = Release|x64
		{A891C372-1A47-4B16-B4E9-36E01D2D1378}.Release|x64.Build.0 = Release|x64
		{35DACBF6-0B6A-43FF-8486-7DCC56827A6D}.Debug|x64.ActiveCfg = Debug|x64
		{35DACBF6-0B6A-43FF-8486-7DCC56827A6D}.Debug|x64.Build.0 = Debug|x64
		{35DACBF6-0B6A-43FF-8486-7DCC56827A6D}.Deploy|x64.ActiveCfg = Deploy|x64
		{35DACBF6-0B6A-43FF-8486-7DCC56827A6D}.Deploy|x64.Build.0 = Deploy|x64
		{35DACBF6-0B6A-43FF-8486-7DCC56827A6D}.Release|x64.ActiveCfg = Release|x64
		{35DACBF6-0B6A-43FF-8486-7DCC56827A6D}.Release|x64.Build.0 = Release|x64
	EndGlobalSection
	GlobalSection(SolutionProperties) = preSolution
		HideSolutionNode = FALSE
	EndGlobalSection
	GlobalSection(ExtensibilityGlobals) = postSolution
		SolutionGuid = {41662607-FE99-48D8-AB1F-77A4A20B916E}
	EndGlobalSection
EndGlobal
