<?xml version="1.0" encoding="utf-8"?>
<Project ToolsVersion="4.0" xmlns="http://schemas.microsoft.com/developer/msbuild/2003">
  <ItemGroup>
    <FxCompile Include="EngineSource\Shader\Shaders\GuardFrustum\GuardFrustumPixel.hlsl" />
    <FxCompile Include="EngineSource\Shader\Shaders\GuardFrustum\GuardFrustumVertex.hlsl" />
    <FxCompile Include="EngineSource\Shader\Shaders\VisabilityShader\PreDepthPassVertex.hlsl" />
    <FxCompile Include="EngineSource\Shader\Shaders\VisabilityShader\PreDepthPassVertexAnimated.hlsl" />
    <FxCompile Include="EngineSource\Shader\Shaders\VisabilityShader\VisabilityPixel.hlsl" />
    <FxCompile Include="EngineSource\Shader\Shaders\VisabilityShader\VisabilityVertex.hlsl" />
    <FxCompile Include="EngineSource\Shader\Shaders\ShadowGeometry.hlsl" />
    <FxCompile Include="EngineSource\Shader\Shaders\ShadowVertex.hlsl" />
    <FxCompile Include="EngineSource\Shader\Shaders\ShadowVertexAnimated.hlsl" />
    <FxCompile Include="EngineSource\Shader\AnimatedVertexShader.hlsl" />
    <FxCompile Include="EngineSource\Shader\PixelShader.hlsl" />
    <FxCompile Include="EngineSource\Shader\VertexShader.hlsl" />
    <FxCompile Include="EngineSource\Shader\Shaders\2DPixel.hlsl" />
    <FxCompile Include="EngineSource\Shader\Shaders\2DVertex.hlsl" />
  </ItemGroup>
  <ItemGroup>
    <ClCompile Include="EngineSource\3D Engine\3DRendering\Framework\DirectXRenderingHelpClass.cpp" />
    <ClCompile Include="EngineSource\3D Engine\3DRendering\Framework\Engine3D.cpp" />
    <ClCompile Include="EngineSource\3D Engine\3DRendering\Rendering\VisabilityPass\VisabilityPass.cpp" />
    <ClCompile Include="EngineSource\3D Engine\3DRendering\Rendering\ForwardRender.cpp" />
    <ClCompile Include="EngineSource\3D Engine\3DRendering\Rendering\ShadowMap.cpp" />
    <ClCompile Include="EngineSource\3D Engine\Components\Base\CameraHolder.cpp" />
    <ClCompile Include="EngineSource\3D Engine\Components\Base\Drawable.cpp" />
    <ClCompile Include="EngineSource\3D Engine\Components\Base\Transform.cpp" />
    <ClCompile Include="EngineSource\3D Engine\Components\Camera.cpp" />
    <ClCompile Include="EngineSource\3D Engine\Model\Managers\MeshManager.cpp" />
    <ClCompile Include="EngineSource\3D Engine\Model\Managers\ModelManager.cpp" />
    <ClCompile Include="EngineSource\3D Engine\Model\Managers\TextureManager.cpp" />
    <ClCompile Include="EngineSource\3D Engine\Model\Meshes\AnimatedModel.cpp" />
    <ClCompile Include="EngineSource\3D Engine\Model\Meshes\DynamicMesh.cpp" />
    <ClCompile Include="EngineSource\3D Engine\Model\Meshes\StaticMesh.cpp" />
    <ClCompile Include="EngineSource\3D Engine\Model\Texture.cpp" />
    <ClCompile Include="EngineSource\3D Engine\WICTextureLoader\DDSTextureLoader.cpp" />
    <ClCompile Include="EngineSource\3D Engine\WICTextureLoader\WICTextureLoader.cpp" />
    <ClCompile Include="EngineSource\3D Engine\RenderingManager.cpp" />
    <ClCompile Include="EngineSource\Debugg\ImGui\imgui.cpp" />
    <ClCompile Include="EngineSource\Debugg\ImGui\imgui_demo.cpp" />
    <ClCompile Include="EngineSource\Debugg\ImGui\imgui_draw.cpp" />
    <ClCompile Include="EngineSource\Debugg\ImGui\imgui_impl_dx11.cpp" />
    <ClCompile Include="EngineSource\Debugg\ImGui\imgui_impl_win32.cpp" />
    <ClCompile Include="EngineSource\Debugg\ImGui\ImGuiManager.cpp" />
    <ClCompile Include="EngineSource\Helper\Threading.cpp" />
    <ClCompile Include="EngineSource\Helper\Timer.cpp" />
    <ClCompile Include="EngineSource\Light\PointLight.cpp" />
    <ClCompile Include="EngineSource\SettingsLoader\SettingsLoader.cpp" />
    <ClCompile Include="EngineSource\Shader\Shader.cpp" />
    <ClCompile Include="EngineSource\Shader\ShaderManager.cpp" />
    <ClCompile Include="EngineSource\Window\window.cpp" />
    <ClCompile Include="EngineSource\3D Engine\3DRendering\Rendering\VisabilityPass\Component\VisibilityComponent.cpp" />
    <ClCompile Include="EngineSource\3D Engine\Components\StateMachine.cpp" />
    <ClCompile Include="EngineSource\Helper\HelperFunctions.cpp" />
  </ItemGroup>
  <ItemGroup>
    <ClInclude Include="resource.h" />
    <ClInclude Include="Source\Debug\ImGuiManager.h" />
    <ClInclude Include="EngineSource\3D Engine\3DRendering\Framework\DirectXRenderingHelpClass.h" />
    <ClInclude Include="EngineSource\3D Engine\3DRendering\Framework\Engine3D.h" />
    <ClInclude Include="EngineSource\3D Engine\3DRendering\Rendering\VisabilityPass\VisabilityPass.h" />
    <ClInclude Include="EngineSource\3D Engine\3DRendering\Rendering\ForwardRender.h" />
    <ClInclude Include="EngineSource\3D Engine\3DRendering\Rendering\ShadowMap.h" />
    <ClInclude Include="EngineSource\3D Engine\Components\Base\CameraHolder.h" />
    <ClInclude Include="EngineSource\3D Engine\Components\Base\Drawable.h" />
    <ClInclude Include="EngineSource\3D Engine\Components\Base\Transform.h" />
    <ClInclude Include="EngineSource\3D Engine\Components\Camera.h" />
    <ClInclude Include="EngineSource\3D Engine\Model\Managers\MeshManager.h" />
    <ClInclude Include="EngineSource\3D Engine\Model\Managers\ModelManager.h" />
    <ClInclude Include="EngineSource\3D Engine\Model\Managers\TextureManager.h" />
    <ClInclude Include="EngineSource\3D Engine\Model\Meshes\AnimatedModel.h" />
    <ClInclude Include="EngineSource\3D Engine\Model\Meshes\DynamicMesh.h" />
    <ClInclude Include="EngineSource\3D Engine\Model\Meshes\StaticMesh.h" />
    <ClInclude Include="EngineSource\3D Engine\Model\Texture.h" />
    <ClInclude Include="EngineSource\3D Engine\WICTextureLoader\dds.h" />
    <ClInclude Include="EngineSource\3D Engine\WICTextureLoader\DDSTextureLoader.h" />
    <ClInclude Include="EngineSource\3D Engine\WICTextureLoader\DirectXHelpers.h" />
    <ClInclude Include="EngineSource\3D Engine\WICTextureLoader\LoaderHelpers.h" />
    <ClInclude Include="EngineSource\3D Engine\WICTextureLoader\pch.h" />
    <ClInclude Include="EngineSource\3D Engine\WICTextureLoader\PlatformHelpers.h" />
    <ClInclude Include="EngineSource\3D Engine\WICTextureLoader\WICTextureLoader.h" />
    <ClInclude Include="EngineSource\3D Engine\Extern.h" />
    <ClInclude Include="EngineSource\3D Engine\RenderingManager.h" />
    <ClInclude Include="EngineSource\Debugg\ImGui\imconfig.h" />
    <ClInclude Include="EngineSource\Debugg\ImGui\imgui.h" />
    <ClInclude Include="EngineSource\Debugg\ImGui\imgui_impl_dx11.h" />
    <ClInclude Include="EngineSource\Debugg\ImGui\imgui_impl_win32.h" />
    <ClInclude Include="EngineSource\Debugg\ImGui\imgui_internal.h" />
    <ClInclude Include="EngineSource\Debugg\ImGui\ImGuiManager.h" />
    <ClInclude Include="EngineSource\Debugg\ImGui\stb_rect_pack.h" />
    <ClInclude Include="EngineSource\Debugg\ImGui\stb_textedit.h" />
    <ClInclude Include="EngineSource\Debugg\ImGui\stb_truetype.h" />
    <ClInclude Include="EngineSource\Debugg\FunctionQueue.h" />
    <ClInclude Include="EngineSource\Debugg\FunctionStack.h" />
    <ClInclude Include="EngineSource\Debugg\FunctionVector.h" />
    <ClInclude Include="EngineSource\Helper\Threading.h" />
    <ClInclude Include="EngineSource\Helper\Timer.h" />
    <ClInclude Include="EngineSource\Light\PointLight.h" />
    <ClInclude Include="EngineSource\SettingsLoader\SettingsLoader.h" />
    <ClInclude Include="EngineSource\Shader\Shader.h" />
    <ClInclude Include="EngineSource\Shader\ShaderManager.h" />
    <ClInclude Include="EngineSource\Window\window.h" />
    <ClInclude Include="EngineSource\ShaderCreator.h" />
    <ClInclude Include="EngineSource\Structs.h" />
    <ClInclude Include="EngineSource\3D Engine\3DRendering\Rendering\VisabilityPass\Component\VisibilityComponent.h" />
    <ClInclude Include="EngineSource\3D Engine\Components\StateMachine.h" />
    <ClInclude Include="EngineSource\Helper\HelperFunctions.h" />
  </ItemGroup>
  <ItemGroup>
    <None Include="EngineSource\Shader\Shaders\LightCalc.hlsli" />
    <None Include="EngineSource\Shader\Shaders\StaticConstantBuffers.hlsli" />
  </ItemGroup>
</Project>